
Microsoft Visual Studio Solution File, Format Version 12.00
# Visual Studio Version 17
VisualStudioVersion = 17.0.31903.59
MinimumVisualStudioVersion = 10.0.40219.1
Project("{2150E333-8FDC-42A3-9474-1A3956D46DE8}") = "src", "src", "{827E0CD3-B72D-47B6-A68D-7590B98EB39B}"
EndProject
Project("{2150E333-8FDC-42A3-9474-1A3956D46DE8}") = "BuildingBlocks", "BuildingBlocks", "{90298CBA-BD6F-3A0A-69D5-97CAD7B05E7E}"
EndProject
Project("{FAE04EC0-301F-11D3-BF4B-00C04F79EFBC}") = "FinCore.BuildingBlocks", "src\BuildingBlocks\FinCore.BuildingBlocks\FinCore.BuildingBlocks.csproj", "{7C7921E0-DEC6-4C03-B17C-E9C931AC43A0}"
EndProject
Project("{2150E333-8FDC-42A3-9474-1A3956D46DE8}") = "Services", "Services", "{984BB9B3-3FA3-BE33-9484-CAC21695A33C}"
EndProject
Project("{2150E333-8FDC-42A3-9474-1A3956D46DE8}") = "Auth", "Auth", "{473EF3C4-73FA-6715-AA3C-7C7929374EED}"
EndProject
Project("{FAE04EC0-301F-11D3-BF4B-00C04F79EFBC}") = "FinCore.Auth.Api", "src\Services\Auth\FinCore.Auth.Api\FinCore.Auth.Api.csproj", "{5C0FD67B-02E3-442B-A364-97A50C27BA42}"
EndProject
Project("{FAE04EC0-301F-11D3-BF4B-00C04F79EFBC}") = "FinCore.Auth.Application", "src\Services\Auth\FinCore.Auth.Application\FinCore.Auth.Application.csproj", "{3F810F03-4DBF-4B20-A516-11E1AC41DA30}"
EndProject
Project("{FAE04EC0-301F-11D3-BF4B-00C04F79EFBC}") = "FinCore.Auth.Domain", "src\Services\Auth\FinCore.Auth.Domain\FinCore.Auth.Domain.csproj", "{A8FA1FB6-0A7B-4739-BA46-5534B285A886}"
EndProject
Project("{FAE04EC0-301F-11D3-BF4B-00C04F79EFBC}") = "FinCore.Auth.Infrastructure", "src\Services\Auth\FinCore.Auth.Infrastructure\FinCore.Auth.Infrastructure.csproj", "{072DD898-46CA-4995-86BF-67EA9C729049}"
EndProject
Project("{2150E333-8FDC-42A3-9474-1A3956D46DE8}") = "Account", "Account", "{BC44AD1E-60C9-9EA1-D7ED-687AA9EFEF7C}"
EndProject
Project("{FAE04EC0-301F-11D3-BF4B-00C04F79EFBC}") = "FinCore.Account.Api", "src\Services\Account\FinCore.Account.Api\FinCore.Account.Api.csproj", "{30A1C2B3-9A00-46DB-9611-B87E492F1BAE}"
EndProject
Project("{FAE04EC0-301F-11D3-BF4B-00C04F79EFBC}") = "FinCore.Account.Application", "src\Services\Account\FinCore.Account.Application\FinCore.Account.Application.csproj", "{0EBFB53E-A8E3-42A3-BE15-3D71FF634491}"
EndProject
Project("{FAE04EC0-301F-11D3-BF4B-00C04F79EFBC}") = "FinCore.Account.Domain", "src\Services\Account\FinCore.Account.Domain\FinCore.Account.Domain.csproj", "{0589DF13-3302-4CA2-9799-3C9E3A6AB330}"
EndProject
Project("{FAE04EC0-301F-11D3-BF4B-00C04F79EFBC}") = "FinCore.Account.Infrastructure", "src\Services\Account\FinCore.Account.Infrastructure\FinCore.Account.Infrastructure.csproj", "{F2BA0600-22F0-4BF3-9177-B6872E9FED3C}"
EndProject
Project("{2150E333-8FDC-42A3-9474-1A3956D46DE8}") = "Transaction", "Transaction", "{8C6FDA76-763E-DDA5-81B3-FD2470074F51}"
EndProject
Project("{FAE04EC0-301F-11D3-BF4B-00C04F79EFBC}") = "FinCore.Transaction.Api", "src\Services\Transaction\FinCore.Transaction.Api\FinCore.Transaction.Api.csproj", "{CA7B4596-C55C-42B5-B81D-E4E59B756451}"
EndProject
Project("{FAE04EC0-301F-11D3-BF4B-00C04F79EFBC}") = "FinCore.Transaction.Application", "src\Services\Transaction\FinCore.Transaction.Application\FinCore.Transaction.Application.csproj", "{9C976466-06A3-4228-99BE-B57709481DD7}"
EndProject
Project("{FAE04EC0-301F-11D3-BF4B-00C04F79EFBC}") = "FinCore.Transaction.Domain", "src\Services\Transaction\FinCore.Transaction.Domain\FinCore.Transaction.Domain.csproj", "{61F16BD5-EAFC-4C6C-A5AF-E2046C0F15D1}"
EndProject
Project("{FAE04EC0-301F-11D3-BF4B-00C04F79EFBC}") = "FinCore.Transaction.Infrastructure", "src\Services\Transaction\FinCore.Transaction.Infrastructure\FinCore.Transaction.Infrastructure.csproj", "{6BDD0B68-00E0-4790-93A3-05B00CF1043D}"
EndProject
Project("{2150E333-8FDC-42A3-9474-1A3956D46DE8}") = "Notification", "Notification", "{C5FBE174-8E0F-F5A3-B929-8BD0C55C0A32}"
EndProject
Project("{FAE04EC0-301F-11D3-BF4B-00C04F79EFBC}") = "FinCore.Notification.Api", "src\Services\Notification\FinCore.Notification.Api\FinCore.Notification.Api.csproj", "{E7A7B93B-B219-4C55-9766-A57F1386EA18}"
EndProject
Project("{FAE04EC0-301F-11D3-BF4B-00C04F79EFBC}") = "FinCore.Notification.Application", "src\Services\Notification\FinCore.Notification.Application\FinCore.Notification.Application.csproj", "{B5A6EC04-9D6B-416D-B482-A7B9A54AD870}"
EndProject
Project("{FAE04EC0-301F-11D3-BF4B-00C04F79EFBC}") = "FinCore.Notification.Domain", "src\Services\Notification\FinCore.Notification.Domain\FinCore.Notification.Domain.csproj", "{5E6D03F7-A476-4D46-A443-CC67D05DF5B4}"
EndProject
Project("{FAE04EC0-301F-11D3-BF4B-00C04F79EFBC}") = "FinCore.Notification.Infrastructure", "src\Services\Notification\FinCore.Notification.Infrastructure\FinCore.Notification.Infrastructure.csproj", "{63F0D9CB-3945-40E4-91EA-5081535CD17C}"
EndProject
Global
	GlobalSection(SolutionConfigurationPlatforms) = preSolution
		Debug|Any CPU = Debug|Any CPU
		Debug|x64 = Debug|x64
		Debug|x86 = Debug|x86
		Release|Any CPU = Release|Any CPU
		Release|x64 = Release|x64
		Release|x86 = Release|x86
	EndGlobalSection
	GlobalSection(ProjectConfigurationPlatforms) = postSolution
		{7C7921E0-DEC6-4C03-B17C-E9C931AC43A0}.Debug|Any CPU.ActiveCfg = Debug|Any CPU
		{7C7921E0-DEC6-4C03-B17C-E9C931AC43A0}.Debug|Any CPU.Build.0 = Debug|Any CPU
		{7C7921E0-DEC6-4C03-B17C-E9C931AC43A0}.Debug|x64.ActiveCfg = Debug|Any CPU
		{7C7921E0-DEC6-4C03-B17C-E9C931AC43A0}.Debug|x64.Build.0 = Debug|Any CPU
		{7C7921E0-DEC6-4C03-B17C-E9C931AC43A0}.Debug|x86.ActiveCfg = Debug|Any CPU
		{7C7921E0-DEC6-4C03-B17C-E9C931AC43A0}.Debug|x86.Build.0 = Debug|Any CPU
		{7C7921E0-DEC6-4C03-B17C-E9C931AC43A0}.Release|Any CPU.ActiveCfg = Release|Any CPU
		{7C7921E0-DEC6-4C03-B17C-E9C931AC43A0}.Release|Any CPU.Build.0 = Release|Any CPU
		{7C7921E0-DEC6-4C03-B17C-E9C931AC43A0}.Release|x64.ActiveCfg = Release|Any CPU
		{7C7921E0-DEC6-4C03-B17C-E9C931AC43A0}.Release|x64.Build.0 = Release|Any CPU
		{7C7921E0-DEC6-4C03-B17C-E9C931AC43A0}.Release|x86.ActiveCfg = Release|Any CPU
		{7C7921E0-DEC6-4C03-B17C-E9C931AC43A0}.Release|x86.Build.0 = Release|Any CPU
		{5C0FD67B-02E3-442B-A364-97A50C27BA42}.Debug|Any CPU.ActiveCfg = Debug|Any CPU
		{5C0FD67B-02E3-442B-A364-97A50C27BA42}.Debug|Any CPU.Build.0 = Debug|Any CPU
		{5C0FD67B-02E3-442B-A364-97A50C27BA42}.Debug|x64.ActiveCfg = Debug|Any CPU
		{5C0FD67B-02E3-442B-A364-97A50C27BA42}.Debug|x64.Build.0 = Debug|Any CPU
		{5C0FD67B-02E3-442B-A364-97A50C27BA42}.Debug|x86.ActiveCfg = Debug|Any CPU
		{5C0FD67B-02E3-442B-A364-97A50C27BA42}.Debug|x86.Build.0 = Debug|Any CPU
		{5C0FD67B-02E3-442B-A364-97A50C27BA42}.Release|Any CPU.ActiveCfg = Release|Any CPU
		{5C0FD67B-02E3-442B-A364-97A50C27BA42}.Release|Any CPU.Build.0 = Release|Any CPU
		{5C0FD67B-02E3-442B-A364-97A50C27BA42}.Release|x64.ActiveCfg = Release|Any CPU
		{5C0FD67B-02E3-442B-A364-97A50C27BA42}.Release|x64.Build.0 = Release|Any CPU
		{5C0FD67B-02E3-442B-A364-97A50C27BA42}.Release|x86.ActiveCfg = Release|Any CPU
		{5C0FD67B-02E3-442B-A364-97A50C27BA42}.Release|x86.Build.0 = Release|Any CPU
		{3F810F03-4DBF-4B20-A516-11E1AC41DA30}.Debug|Any CPU.ActiveCfg = Debug|Any CPU
		{3F810F03-4DBF-4B20-A516-11E1AC41DA30}.Debug|Any CPU.Build.0 = Debug|Any CPU
		{3F810F03-4DBF-4B20-A516-11E1AC41DA30}.Debug|x64.ActiveCfg = Debug|Any CPU
		{3F810F03-4DBF-4B20-A516-11E1AC41DA30}.Debug|x64.Build.0 = Debug|Any CPU
		{3F810F03-4DBF-4B20-A516-11E1AC41DA30}.Debug|x86.ActiveCfg = Debug|Any CPU
		{3F810F03-4DBF-4B20-A516-11E1AC41DA30}.Debug|x86.Build.0 = Debug|Any CPU
		{3F810F03-4DBF-4B20-A516-11E1AC41DA30}.Release|Any CPU.ActiveCfg = Release|Any CPU
		{3F810F03-4DBF-4B20-A516-11E1AC41DA30}.Release|Any CPU.Build.0 = Release|Any CPU
		{3F810F03-4DBF-4B20-A516-11E1AC41DA30}.Release|x64.ActiveCfg = Release|Any CPU
		{3F810F03-4DBF-4B20-A516-11E1AC41DA30}.Release|x64.Build.0 = Release|Any CPU
		{3F810F03-4DBF-4B20-A516-11E1AC41DA30}.Release|x86.ActiveCfg = Release|Any CPU
		{3F810F03-4DBF-4B20-A516-11E1AC41DA30}.Release|x86.Build.0 = Release|Any CPU
		{A8FA1FB6-0A7B-4739-BA46-5534B285A886}.Debug|Any CPU.ActiveCfg = Debug|Any CPU
		{A8FA1FB6-0A7B-4739-BA46-5534B285A886}.Debug|Any CPU.Build.0 = Debug|Any CPU
		{A8FA1FB6-0A7B-4739-BA46-5534B285A886}.Debug|x64.ActiveCfg = Debug|Any CPU
		{A8FA1FB6-0A7B-4739-BA46-5534B285A886}.Debug|x64.Build.0 = Debug|Any CPU
		{A8FA1FB6-0A7B-4739-BA46-5534B285A886}.Debug|x86.ActiveCfg = Debug|Any CPU
		{A8FA1FB6-0A7B-4739-BA46-5534B285A886}.Debug|x86.Build.0 = Debug|Any CPU
		{A8FA1FB6-0A7B-4739-BA46-5534B285A886}.Release|Any CPU.ActiveCfg = Release|Any CPU
		{A8FA1FB6-0A7B-4739-BA46-5534B285A886}.Release|Any CPU.Build.0 = Release|Any CPU
		{A8FA1FB6-0A7B-4739-BA46-5534B285A886}.Release|x64.ActiveCfg = Release|Any CPU
		{A8FA1FB6-0A7B-4739-BA46-5534B285A886}.Release|x64.Build.0 = Release|Any CPU
		{A8FA1FB6-0A7B-4739-BA46-5534B285A886}.Release|x86.ActiveCfg = Release|Any CPU
		{A8FA1FB6-0A7B-4739-BA46-5534B285A886}.Release|x86.Build.0 = Release|Any CPU
		{072DD898-46CA-4995-86BF-67EA9C729049}.Debug|Any CPU.ActiveCfg = Debug|Any CPU
		{072DD898-46CA-4995-86BF-67EA9C729049}.Debug|Any CPU.Build.0 = Debug|Any CPU
		{072DD898-46CA-4995-86BF-67EA9C729049}.Debug|x64.ActiveCfg = Debug|Any CPU
		{072DD898-46CA-4995-86BF-67EA9C729049}.Debug|x64.Build.0 = Debug|Any CPU
		{072DD898-46CA-4995-86BF-67EA9C729049}.Debug|x86.ActiveCfg = Debug|Any CPU
		{072DD898-46CA-4995-86BF-67EA9C729049}.Debug|x86.Build.0 = Debug|Any CPU
		{072DD898-46CA-4995-86BF-67EA9C729049}.Release|Any CPU.ActiveCfg = Release|Any CPU
		{072DD898-46CA-4995-86BF-67EA9C729049}.Release|Any CPU.Build.0 = Release|Any CPU
		{072DD898-46CA-4995-86BF-67EA9C729049}.Release|x64.ActiveCfg = Release|Any CPU
		{072DD898-46CA-4995-86BF-67EA9C729049}.Release|x64.Build.0 = Release|Any CPU
		{072DD898-46CA-4995-86BF-67EA9C729049}.Release|x86.ActiveCfg = Release|Any CPU
		{072DD898-46CA-4995-86BF-67EA9C729049}.Release|x86.Build.0 = Release|Any CPU
		{30A1C2B3-9A00-46DB-9611-B87E492F1BAE}.Debug|Any CPU.ActiveCfg = Debug|Any CPU
		{30A1C2B3-9A00-46DB-9611-B87E492F1BAE}.Debug|Any CPU.Build.0 = Debug|Any CPU
		{30A1C2B3-9A00-46DB-9611-B87E492F1BAE}.Debug|x64.ActiveCfg = Debug|Any CPU
		{30A1C2B3-9A00-46DB-9611-B87E492F1BAE}.Debug|x64.Build.0 = Debug|Any CPU
		{30A1C2B3-9A00-46DB-9611-B87E492F1BAE}.Debug|x86.ActiveCfg = Debug|Any CPU
		{30A1C2B3-9A00-46DB-9611-B87E492F1BAE}.Debug|x86.Build.0 = Debug|Any CPU
		{30A1C2B3-9A00-46DB-9611-B87E492F1BAE}.Release|Any CPU.ActiveCfg = Release|Any CPU
		{30A1C2B3-9A00-46DB-9611-B87E492F1BAE}.Release|Any CPU.Build.0 = Release|Any CPU
		{30A1C2B3-9A00-46DB-9611-B87E492F1BAE}.Release|x64.ActiveCfg = Release|Any CPU
		{30A1C2B3-9A00-46DB-9611-B87E492F1BAE}.Release|x64.Build.0 = Release|Any CPU
		{30A1C2B3-9A00-46DB-9611-B87E492F1BAE}.Release|x86.ActiveCfg = Release|Any CPU
		{30A1C2B3-9A00-46DB-9611-B87E492F1BAE}.Release|x86.Build.0 = Release|Any CPU
		{0EBFB53E-A8E3-42A3-BE15-3D71FF634491}.Debug|Any CPU.ActiveCfg = Debug|Any CPU
		{0EBFB53E-A8E3-42A3-BE15-3D71FF634491}.Debug|Any CPU.Build.0 = Debug|Any CPU
		{0EBFB53E-A8E3-42A3-BE15-3D71FF634491}.Debug|x64.ActiveCfg = Debug|Any CPU
		{0EBFB53E-A8E3-42A3-BE15-3D71FF634491}.Debug|x64.Build.0 = Debug|Any CPU
		{0EBFB53E-A8E3-42A3-BE15-3D71FF634491}.Debug|x86.ActiveCfg = Debug|Any CPU
		{0EBFB53E-A8E3-42A3-BE15-3D71FF634491}.Debug|x86.Build.0 = Debug|Any CPU
		{0EBFB53E-A8E3-42A3-BE15-3D71FF634491}.Release|Any CPU.ActiveCfg = Release|Any CPU
		{0EBFB53E-A8E3-42A3-BE15-3D71FF634491}.Release|Any CPU.Build.0 = Release|Any CPU
		{0EBFB53E-A8E3-42A3-BE15-3D71FF634491}.Release|x64.ActiveCfg = Release|Any CPU
		{0EBFB53E-A8E3-42A3-BE15-3D71FF634491}.Release|x64.Build.0 = Release|Any CPU
		{0EBFB53E-A8E3-42A3-BE15-3D71FF634491}.Release|x86.ActiveCfg = Release|Any CPU
		{0EBFB53E-A8E3-42A3-BE15-3D71FF634491}.Release|x86.Build.0 = Release|Any CPU
		{0589DF13-3302-4CA2-9799-3C9E3A6AB330}.Debug|Any CPU.ActiveCfg = Debug|Any CPU
		{0589DF13-3302-4CA2-9799-3C9E3A6AB330}.Debug|Any CPU.Build.0 = Debug|Any CPU
		{0589DF13-3302-4CA2-9799-3C9E3A6AB330}.Debug|x64.ActiveCfg = Debug|Any CPU
		{0589DF13-3302-4CA2-9799-3C9E3A6AB330}.Debug|x64.Build.0 = Debug|Any CPU
		{0589DF13-3302-4CA2-9799-3C9E3A6AB330}.Debug|x86.ActiveCfg = Debug|Any CPU
		{0589DF13-3302-4CA2-9799-3C9E3A6AB330}.Debug|x86.Build.0 = Debug|Any CPU
		{0589DF13-3302-4CA2-9799-3C9E3A6AB330}.Release|Any CPU.ActiveCfg = Release|Any CPU
		{0589DF13-3302-4CA2-9799-3C9E3A6AB330}.Release|Any CPU.Build.0 = Release|Any CPU
		{0589DF13-3302-4CA2-9799-3C9E3A6AB330}.Release|x64.ActiveCfg = Release|Any CPU
		{0589DF13-3302-4CA2-9799-3C9E3A6AB330}.Release|x64.Build.0 = Release|Any CPU
		{0589DF13-3302-4CA2-9799-3C9E3A6AB330}.Release|x86.ActiveCfg = Release|Any CPU
		{0589DF13-3302-4CA2-9799-3C9E3A6AB330}.Release|x86.Build.0 = Release|Any CPU
		{F2BA0600-22F0-4BF3-9177-B6872E9FED3C}.Debug|Any CPU.ActiveCfg = Debug|Any CPU
		{F2BA0600-22F0-4BF3-9177-B6872E9FED3C}.Debug|Any CPU.Build.0 = Debug|Any CPU
		{F2BA0600-22F0-4BF3-9177-B6872E9FED3C}.Debug|x64.ActiveCfg = Debug|Any CPU
		{F2BA0600-22F0-4BF3-9177-B6872E9FED3C}.Debug|x64.Build.0 = Debug|Any CPU
		{F2BA0600-22F0-4BF3-9177-B6872E9FED3C}.Debug|x86.ActiveCfg = Debug|Any CPU
		{F2BA0600-22F0-4BF3-9177-B6872E9FED3C}.Debug|x86.Build.0 = Debug|Any CPU
		{F2BA0600-22F0-4BF3-9177-B6872E9FED3C}.Release|Any CPU.ActiveCfg = Release|Any CPU
		{F2BA0600-22F0-4BF3-9177-B6872E9FED3C}.Release|Any CPU.Build.0 = Release|Any CPU
		{F2BA0600-22F0-4BF3-9177-B6872E9FED3C}.Release|x64.ActiveCfg = Release|Any CPU
		{F2BA0600-22F0-4BF3-9177-B6872E9FED3C}.Release|x64.Build.0 = Release|Any CPU
		{F2BA0600-22F0-4BF3-9177-B6872E9FED3C}.Release|x86.ActiveCfg = Release|Any CPU
		{F2BA0600-22F0-4BF3-9177-B6872E9FED3C}.Release|x86.Build.0 = Release|Any CPU
		{CA7B4596-C55C-42B5-B81D-E4E59B756451}.Debug|Any CPU.ActiveCfg = Debug|Any CPU
		{CA7B4596-C55C-42B5-B81D-E4E59B756451}.Debug|Any CPU.Build.0 = Debug|Any CPU
		{CA7B4596-C55C-42B5-B81D-E4E59B756451}.Debug|x64.ActiveCfg = Debug|Any CPU
		{CA7B4596-C55C-42B5-B81D-E4E59B756451}.Debug|x64.Build.0 = Debug|Any CPU
		{CA7B4596-C55C-42B5-B81D-E4E59B756451}.Debug|x86.ActiveCfg = Debug|Any CPU
		{CA7B4596-C55C-42B5-B81D-E4E59B756451}.Debug|x86.Build.0 = Debug|Any CPU
		{CA7B4596-C55C-42B5-B81D-E4E59B756451}.Release|Any CPU.ActiveCfg = Release|Any CPU
		{CA7B4596-C55C-42B5-B81D-E4E59B756451}.Release|Any CPU.Build.0 = Release|Any CPU
		{CA7B4596-C55C-42B5-B81D-E4E59B756451}.Release|x64.ActiveCfg = Release|Any CPU
		{CA7B4596-C55C-42B5-B81D-E4E59B756451}.Release|x64.Build.0 = Release|Any CPU
		{CA7B4596-C55C-42B5-B81D-E4E59B756451}.Release|x86.ActiveCfg = Release|Any CPU
		{CA7B4596-C55C-42B5-B81D-E4E59B756451}.Release|x86.Build.0 = Release|Any CPU
		{9C976466-06A3-4228-99BE-B57709481DD7}.Debug|Any CPU.ActiveCfg = Debug|Any CPU
		{9C976466-06A3-4228-99BE-B57709481DD7}.Debug|Any CPU.Build.0 = Debug|Any CPU
		{9C976466-06A3-4228-99BE-B57709481DD7}.Debug|x64.ActiveCfg = Debug|Any CPU
		{9C976466-06A3-4228-99BE-B57709481DD7}.Debug|x64.Build.0 = Debug|Any CPU
		{9C976466-06A3-4228-99BE-B57709481DD7}.Debug|x86.ActiveCfg = Debug|Any CPU
		{9C976466-06A3-4228-99BE-B57709481DD7}.Debug|x86.Build.0 = Debug|Any CPU
		{9C976466-06A3-4228-99BE-B57709481DD7}.Release|Any CPU.ActiveCfg = Release|Any CPU
		{9C976466-06A3-4228-99BE-B57709481DD7}.Release|Any CPU.Build.0 = Release|Any CPU
		{9C976466-06A3-4228-99BE-B57709481DD7}.Release|x64.ActiveCfg = Release|Any CPU
		{9C976466-06A3-4228-99BE-B57709481DD7}.Release|x64.Build.0 = Release|Any CPU
		{9C976466-06A3-4228-99BE-B57709481DD7}.Release|x86.ActiveCfg = Release|Any CPU
		{9C976466-06A3-4228-99BE-B57709481DD7}.Release|x86.Build.0 = Release|Any CPU
		{61F16BD5-EAFC-4C6C-A5AF-E2046C0F15D1}.Debug|Any CPU.ActiveCfg = Debug|Any CPU
		{61F16BD5-EAFC-4C6C-A5AF-E2046C0F15D1}.Debug|Any CPU.Build.0 = Debug|Any CPU
		{61F16BD5-EAFC-4C6C-A5AF-E2046C0F15D1}.Debug|x64.ActiveCfg = Debug|Any CPU
		{61F16BD5-EAFC-4C6C-A5AF-E2046C0F15D1}.Debug|x64.Build.0 = Debug|Any CPU
		{61F16BD5-EAFC-4C6C-A5AF-E2046C0F15D1}.Debug|x86.ActiveCfg = Debug|Any CPU
		{61F16BD5-EAFC-4C6C-A5AF-E2046C0F15D1}.Debug|x86.Build.0 = Debug|Any CPU
		{61F16BD5-EAFC-4C6C-A5AF-E2046C0F15D1}.Release|Any CPU.ActiveCfg = Release|Any CPU
		{61F16BD5-EAFC-4C6C-A5AF-E2046C0F15D1}.Release|Any CPU.Build.0 = Release|Any CPU
		{61F16BD5-EAFC-4C6C-A5AF-E2046C0F15D1}.Release|x64.ActiveCfg = Release|Any CPU
		{61F16BD5-EAFC-4C6C-A5AF-E2046C0F15D1}.Release|x64.Build.0 = Release|Any CPU
		{61F16BD5-EAFC-4C6C-A5AF-E2046C0F15D1}.Release|x86.ActiveCfg = Release|Any CPU
		{61F16BD5-EAFC-4C6C-A5AF-E2046C0F15D1}.Release|x86.Build.0 = Release|Any CPU
		{6BDD0B68-00E0-4790-93A3-05B00CF1043D}.Debug|Any CPU.ActiveCfg = Debug|Any CPU
		{6BDD0B68-00E0-4790-93A3-05B00CF1043D}.Debug|Any CPU.Build.0 = Debug|Any CPU
		{6BDD0B68-00E0-4790-93A3-05B00CF1043D}.Debug|x64.ActiveCfg = Debug|Any CPU
		{6BDD0B68-00E0-4790-93A3-05B00CF1043D}.Debug|x64.Build.0 = Debug|Any CPU
		{6BDD0B68-00E0-4790-93A3-05B00CF1043D}.Debug|x86.ActiveCfg = Debug|Any CPU
		{6BDD0B68-00E0-4790-93A3-05B00CF1043D}.Debug|x86.Build.0 = Debug|Any CPU
		{6BDD0B68-00E0-4790-93A3-05B00CF1043D}.Release|Any CPU.ActiveCfg = Release|Any CPU
		{6BDD0B68-00E0-4790-93A3-05B00CF1043D}.Release|Any CPU.Build.0 = Release|Any CPU
		{6BDD0B68-00E0-4790-93A3-05B00CF1043D}.Release|x64.ActiveCfg = Release|Any CPU
		{6BDD0B68-00E0-4790-93A3-05B00CF1043D}.Release|x64.Build.0 = Release|Any CPU
		{6BDD0B68-00E0-4790-93A3-05B00CF1043D}.Release|x86.ActiveCfg = Release|Any CPU
		{6BDD0B68-00E0-4790-93A3-05B00CF1043D}.Release|x86.Build.0 = Release|Any CPU
		{E7A7B93B-B219-4C55-9766-A57F1386EA18}.Debug|Any CPU.ActiveCfg = Debug|Any CPU
		{E7A7B93B-B219-4C55-9766-A57F1386EA18}.Debug|Any CPU.Build.0 = Debug|Any CPU
		{E7A7B93B-B219-4C55-9766-A57F1386EA18}.Debug|x64.ActiveCfg = Debug|Any CPU
		{E7A7B93B-B219-4C55-9766-A57F1386EA18}.Debug|x64.Build.0 = Debug|Any CPU
		{E7A7B93B-B219-4C55-9766-A57F1386EA18}.Debug|x86.ActiveCfg = Debug|Any CPU
		{E7A7B93B-B219-4C55-9766-A57F1386EA18}.Debug|x86.Build.0 = Debug|Any CPU
		{E7A7B93B-B219-4C55-9766-A57F1386EA18}.Release|Any CPU.ActiveCfg = Release|Any CPU
		{E7A7B93B-B219-4C55-9766-A57F1386EA18}.Release|Any CPU.Build.0 = Release|Any CPU
		{E7A7B93B-B219-4C55-9766-A57F1386EA18}.Release|x64.ActiveCfg = Release|Any CPU
		{E7A7B93B-B219-4C55-9766-A57F1386EA18}.Release|x64.Build.0 = Release|Any CPU
		{E7A7B93B-B219-4C55-9766-A57F1386EA18}.Release|x86.ActiveCfg = Release|Any CPU
		{E7A7B93B-B219-4C55-9766-A57F1386EA18}.Release|x86.Build.0 = Release|Any CPU
		{B5A6EC04-9D6B-416D-B482-A7B9A54AD870}.Debug|Any CPU.ActiveCfg = Debug|Any CPU
		{B5A6EC04-9D6B-416D-B482-A7B9A54AD870}.Debug|Any CPU.Build.0 = Debug|Any CPU
		{B5A6EC04-9D6B-416D-B482-A7B9A54AD870}.Debug|x64.ActiveCfg = Debug|Any CPU
		{B5A6EC04-9D6B-416D-B482-A7B9A54AD870}.Debug|x64.Build.0 = Debug|Any CPU
		{B5A6EC04-9D6B-416D-B482-A7B9A54AD870}.Debug|x86.ActiveCfg = Debug|Any CPU
		{B5A6EC04-9D6B-416D-B482-A7B9A54AD870}.Debug|x86.Build.0 = Debug|Any CPU
		{B5A6EC04-9D6B-416D-B482-A7B9A54AD870}.Release|Any CPU.ActiveCfg = Release|Any CPU
		{B5A6EC04-9D6B-416D-B482-A7B9A54AD870}.Release|Any CPU.Build.0 = Release|Any CPU
		{B5A6EC04-9D6B-416D-B482-A7B9A54AD870}.Release|x64.ActiveCfg = Release|Any CPU
		{B5A6EC04-9D6B-416D-B482-A7B9A54AD870}.Release|x64.Build.0 = Release|Any CPU
		{B5A6EC04-9D6B-416D-B482-A7B9A54AD870}.Release|x86.ActiveCfg = Release|Any CPU
		{B5A6EC04-9D6B-416D-B482-A7B9A54AD870}.Release|x86.Build.0 = Release|Any CPU
		{5E6D03F7-A476-4D46-A443-CC67D05DF5B4}.Debug|Any CPU.ActiveCfg = Debug|Any CPU
		{5E6D03F7-A476-4D46-A443-CC67D05DF5B4}.Debug|Any CPU.Build.0 = Debug|Any CPU
		{5E6D03F7-A476-4D46-A443-CC67D05DF5B4}.Debug|x64.ActiveCfg = Debug|Any CPU
		{5E6D03F7-A476-4D46-A443-CC67D05DF5B4}.Debug|x64.Build.0 = Debug|Any CPU
		{5E6D03F7-A476-4D46-A443-CC67D05DF5B4}.Debug|x86.ActiveCfg = Debug|Any CPU
		{5E6D03F7-A476-4D46-A443-CC67D05DF5B4}.Debug|x86.Build.0 = Debug|Any CPU
		{5E6D03F7-A476-4D46-A443-CC67D05DF5B4}.Release|Any CPU.ActiveCfg = Release|Any CPU
		{5E6D03F7-A476-4D46-A443-CC67D05DF5B4}.Release|Any CPU.Build.0 = Release|Any CPU
		{5E6D03F7-A476-4D46-A443-CC67D05DF5B4}.Release|x64.ActiveCfg = Release|Any CPU
		{5E6D03F7-A476-4D46-A443-CC67D05DF5B4}.Release|x64.Build.0 = Release|Any CPU
		{5E6D03F7-A476-4D46-A443-CC67D05DF5B4}.Release|x86.ActiveCfg = Release|Any CPU
		{5E6D03F7-A476-4D46-A443-CC67D05DF5B4}.Release|x86.Build.0 = Release|Any CPU
		{63F0D9CB-3945-40E4-91EA-5081535CD17C}.Debug|Any CPU.ActiveCfg = Debug|Any CPU
		{63F0D9CB-3945-40E4-91EA-5081535CD17C}.Debug|Any CPU.Build.0 = Debug|Any CPU
		{63F0D9CB-3945-40E4-91EA-5081535CD17C}.Debug|x64.ActiveCfg = Debug|Any CPU
		{63F0D9CB-3945-40E4-91EA-5081535CD17C}.Debug|x64.Build.0 = Debug|Any CPU
		{63F0D9CB-3945-40E4-91EA-5081535CD17C}.Debug|x86.ActiveCfg = Debug|Any CPU
		{63F0D9CB-3945-40E4-91EA-5081535CD17C}.Debug|x86.Build.0 = Debug|Any CPU
		{63F0D9CB-3945-40E4-91EA-5081535CD17C}.Release|Any CPU.ActiveCfg = Release|Any CPU
		{63F0D9CB-3945-40E4-91EA-5081535CD17C}.Release|Any CPU.Build.0 = Release|Any CPU
		{63F0D9CB-3945-40E4-91EA-5081535CD17C}.Release|x64.ActiveCfg = Release|Any CPU
		{63F0D9CB-3945-40E4-91EA-5081535CD17C}.Release|x64.Build.0 = Release|Any CPU
		{63F0D9CB-3945-40E4-91EA-5081535CD17C}.Release|x86.ActiveCfg = Release|Any CPU
		{63F0D9CB-3945-40E4-91EA-5081535CD17C}.Release|x86.Build.0 = Release|Any CPU
	EndGlobalSection
	GlobalSection(SolutionProperties) = preSolution
		HideSolutionNode = FALSE
	EndGlobalSection
	GlobalSection(NestedProjects) = preSolution
		{90298CBA-BD6F-3A0A-69D5-97CAD7B05E7E} = {827E0CD3-B72D-47B6-A68D-7590B98EB39B}
		{7C7921E0-DEC6-4C03-B17C-E9C931AC43A0} = {90298CBA-BD6F-3A0A-69D5-97CAD7B05E7E}
		{984BB9B3-3FA3-BE33-9484-CAC21695A33C} = {827E0CD3-B72D-47B6-A68D-7590B98EB39B}
		{473EF3C4-73FA-6715-AA3C-7C7929374EED} = {984BB9B3-3FA3-BE33-9484-CAC21695A33C}
		{5C0FD67B-02E3-442B-A364-97A50C27BA42} = {473EF3C4-73FA-6715-AA3C-7C7929374EED}
		{3F810F03-4DBF-4B20-A516-11E1AC41DA30} = {473EF3C4-73FA-6715-AA3C-7C7929374EED}
		{A8FA1FB6-0A7B-4739-BA46-5534B285A886} = {473EF3C4-73FA-6715-AA3C-7C7929374EED}
		{072DD898-46CA-4995-86BF-67EA9C729049} = {473EF3C4-73FA-6715-AA3C-7C7929374EED}
		{BC44AD1E-60C9-9EA1-D7ED-687AA9EFEF7C} = {984BB9B3-3FA3-BE33-9484-CAC21695A33C}
		{30A1C2B3-9A00-46DB-9611-B87E492F1BAE} = {BC44AD1E-60C9-9EA1-D7ED-687AA9EFEF7C}
		{0EBFB53E-A8E3-42A3-BE15-3D71FF634491} = {BC44AD1E-60C9-9EA1-D7ED-687AA9EFEF7C}
		{0589DF13-3302-4CA2-9799-3C9E3A6AB330} = {BC44AD1E-60C9-9EA1-D7ED-687AA9EFEF7C}
		{F2BA0600-22F0-4BF3-9177-B6872E9FED3C} = {BC44AD1E-60C9-9EA1-D7ED-687AA9EFEF7C}
		{8C6FDA76-763E-DDA5-81B3-FD2470074F51} = {984BB9B3-3FA3-BE33-9484-CAC21695A33C}
		{CA7B4596-C55C-42B5-B81D-E4E59B756451} = {8C6FDA76-763E-DDA5-81B3-FD2470074F51}
		{9C976466-06A3-4228-99BE-B57709481DD7} = {8C6FDA76-763E-DDA5-81B3-FD2470074F51}
		{61F16BD5-EAFC-4C6C-A5AF-E2046C0F15D1} = {8C6FDA76-763E-DDA5-81B3-FD2470074F51}
		{6BDD0B68-00E0-4790-93A3-05B00CF1043D} = {8C6FDA76-763E-DDA5-81B3-FD2470074F51}
		{C5FBE174-8E0F-F5A3-B929-8BD0C55C0A32} = {984BB9B3-3FA3-BE33-9484-CAC21695A33C}
		{E7A7B93B-B219-4C55-9766-A57F1386EA18} = {C5FBE174-8E0F-F5A3-B929-8BD0C55C0A32}
		{B5A6EC04-9D6B-416D-B482-A7B9A54AD870} = {C5FBE174-8E0F-F5A3-B929-8BD0C55C0A32}
		{5E6D03F7-A476-4D46-A443-CC67D05DF5B4} = {C5FBE174-8E0F-F5A3-B929-8BD0C55C0A32}
		{63F0D9CB-3945-40E4-91EA-5081535CD17C} = {C5FBE174-8E0F-F5A3-B929-8BD0C55C0A32}
	EndGlobalSection
EndGlobal
